
Microsoft Visual Studio Solution File, Format Version 12.00
# Visual Studio Version 17
VisualStudioVersion = 17.3.32929.385
MinimumVisualStudioVersion = 10.0.40219.1
Project("{9A19103F-16F7-4668-BE54-9A1E7A4F7556}") = "Tetris", "Tetris\Tetris.csproj", "{5B105849-4D60-46B6-BB08-C7D7ED72E558}"
EndProject
Project("{FAE04EC0-301F-11D3-BF4B-00C04F79EFBC}") = "TetrisGui", "TetrisGui\TetrisGui.csproj", "{0B436F8C-6EF8-4512-A6D4-B6BBD6476C69}"
EndProject
Global
	GlobalSection(SolutionConfigurationPlatforms) = preSolution
		Debug|Any CPU = Debug|Any CPU
		Release|Any CPU = Release|Any CPU
	EndGlobalSection
	GlobalSection(ProjectConfigurationPlatforms) = postSolution
		{5B105849-4D60-46B6-BB08-C7D7ED72E558}.Debug|Any CPU.ActiveCfg = Debug|Any CPU
		{5B105849-4D60-46B6-BB08-C7D7ED72E558}.Debug|Any CPU.Build.0 = Debug|Any CPU
		{5B105849-4D60-46B6-BB08-C7D7ED72E558}.Release|Any CPU.ActiveCfg = Release|Any CPU
		{5B105849-4D60-46B6-BB08-C7D7ED72E558}.Release|Any CPU.Build.0 = Release|Any CPU
		{0B436F8C-6EF8-4512-A6D4-B6BBD6476C69}.Debug|Any CPU.ActiveCfg = Debug|Any CPU
		{0B436F8C-6EF8-4512-A6D4-B6BBD6476C69}.Debug|Any CPU.Build.0 = Debug|Any CPU
		{0B436F8C-6EF8-4512-A6D4-B6BBD6476C69}.Release|Any CPU.ActiveCfg = Release|Any CPU
		{0B436F8C-6EF8-4512-A6D4-B6BBD6476C69}.Release|Any CPU.Build.0 = Release|Any CPU
	EndGlobalSection
	GlobalSection(SolutionProperties) = preSolution
		HideSolutionNode = FALSE
	EndGlobalSection
	GlobalSection(ExtensibilityGlobals) = postSolution
		SolutionGuid = {11389703-3C86-4262-8904-28B84D20C0C4}
	EndGlobalSection
EndGlobal
